<?xml version="1.0" encoding="utf-8"?>
<Project ToolsVersion="4.0" xmlns="http://schemas.microsoft.com/developer/msbuild/2003">
  <ItemGroup>
    <Filter Include="Source Files">
      <UniqueIdentifier>{4FC737F1-C7A5-4376-A066-2A32D752A2FF}</UniqueIdentifier>
      <Extensions>cpp;c;cc;cxx;c++;cppm;ixx;def;odl;idl;hpj;bat;asm;asmx</Extensions>
    </Filter>
    <Filter Include="Header Files">
      <UniqueIdentifier>{93995380-89BD-4b04-88EB-625FBE52EBFB}</UniqueIdentifier>
      <Extensions>h;hh;hpp;hxx;h++;hm;inl;inc;ipp;xsd</Extensions>
    </Filter>
    <Filter Include="Resource Files">
      <UniqueIdentifier>{67DA6AB6-F800-4c08-8B7A-83BB121AAD01}</UniqueIdentifier>
      <Extensions>rc;ico;cur;bmp;dlg;rc2;rct;bin;rgs;gif;jpg;jpeg;jpe;resx;tiff;tif;png;wav;mfcribbon-ms</Extensions>
    </Filter>
    <Filter Include="Shaders">
      <UniqueIdentifier>{ab2ac4d9-9e19-4f48-a11a-60ddf6eaa264}</UniqueIdentifier>
    </Filter>
    <Filter Include="Header Files\ReservoirComputing">
      <UniqueIdentifier>{2ccdda8a-0660-42ef-8a21-28ae23e8a6b7}</UniqueIdentifier>
    </Filter>
    <Filter Include="Header Files\Rendering">
      <UniqueIdentifier>{a8c70baa-a008-43f9-905d-121d2aece0ac}</UniqueIdentifier>
    </Filter>
    <Filter Include="Delauney">
      <UniqueIdentifier>{c5aa6ac1-c5b6-442c-b0b3-f50046096bea}</UniqueIdentifier>
    </Filter>
  </ItemGroup>
  <ItemGroup>
    <ClInclude Include="vendor\delaunator-cpp\include\delaunator.hpp">
      <Filter>Delauney</Filter>
    </ClInclude>
    <ClInclude Include="src\Core\concurrency.h">
      <Filter>Header Files\ReservoirComputing</Filter>
    </ClInclude>
    <ClInclude Include="src\Core\filereader.h">
      <Filter>Header Files\ReservoirComputing</Filter>
    </ClInclude>
    <ClInclude Include="src\Core\Instrumentor.h">
      <Filter>Header Files\ReservoirComputing</Filter>
    </ClInclude>
    <ClInclude Include="src\Core\node.h">
      <Filter>Header Files\ReservoirComputing</Filter>
    </ClInclude>
    <ClInclude Include="src\Core\simulation.h">
      <Filter>Header Files\ReservoirComputing</Filter>
    </ClInclude>
    <ClInclude Include="src\Core\spring.h">
      <Filter>Header Files\ReservoirComputing</Filter>
    </ClInclude>
    <ClInclude Include="src\Core\system.h">
      <Filter>Header Files\ReservoirComputing</Filter>
    </ClInclude>
    <ClInclude Include="src\Core\utility.h">
      <Filter>Header Files\ReservoirComputing</Filter>
    </ClInclude>
    <ClInclude Include="src\Graphics\camera.h">
      <Filter>Header Files\Rendering</Filter>
    </ClInclude>
    <ClInclude Include="src\Graphics\gnuplot-iostream.h">
      <Filter>Header Files\Rendering</Filter>
    </ClInclude>
    <ClInclude Include="src\Graphics\render_text.h">
      <Filter>Header Files\Rendering</Filter>
    </ClInclude>
    <ClInclude Include="src\Graphics\shader.h">
      <Filter>Header Files\Rendering</Filter>
    </ClInclude>
    <ClInclude Include="src\Graphics\shapes.h">
      <Filter>Header Files\Rendering</Filter>
    </ClInclude>
    <ClInclude Include="src\Graphics\sphere.h">
      <Filter>Header Files\Rendering</Filter>
    </ClInclude>
    <ClInclude Include="src\Graphics\window.h">
      <Filter>Header Files\Rendering</Filter>
    </ClInclude>
  </ItemGroup>
  <ItemGroup>
    <ClCompile Include="src\Core\main.cpp">
      <Filter>Source Files</Filter>
    </ClCompile>
    <ClCompile Include="src\Core\node.cpp">
      <Filter>Source Files</Filter>
    </ClCompile>
    <ClCompile Include="src\Core\simulation.cpp">
      <Filter>Source Files</Filter>
    </ClCompile>
    <ClCompile Include="src\Core\spring.cpp">
      <Filter>Source Files</Filter>
    </ClCompile>
    <ClCompile Include="src\Core\system.cpp">
      <Filter>Source Files</Filter>
    </ClCompile>
    <ClCompile Include="src\Core\utility.cpp">
      <Filter>Source Files</Filter>
    </ClCompile>
    <ClCompile Include="src\Graphics\sphere.cpp">
      <Filter>Header Files\Rendering</Filter>
    </ClCompile>
    <ClCompile Include="vendor\glad.c">
      <Filter>Source Files</Filter>
    </ClCompile>
  </ItemGroup>
</Project>